
Microsoft Visual Studio Solution File, Format Version 12.00
# Visual Studio Version 17
VisualStudioVersion = 17.7.34221.43
MinimumVisualStudioVersion = 10.0.40219.1
Project("{FAE04EC0-301F-11D3-BF4B-00C04F79EFBC}") = "Uçak_Rezervasyon_Sitemi", "Uçak_Rezervasyon_Sitemi.csproj", "{AAEB8EAB-05DD-4DD3-A5F2-717DE95585C9}"
EndProject
Global
	GlobalSection(SolutionConfigurationPlatforms) = preSolution
		Debug|Any CPU = Debug|Any CPU
		Release|Any CPU = Release|Any CPU
	EndGlobalSection
	GlobalSection(ProjectConfigurationPlatforms) = postSolution
		{AAEB8EAB-05DD-4DD3-A5F2-717DE95585C9}.Debug|Any CPU.ActiveCfg = Debug|Any CPU
		{AAEB8EAB-05DD-4DD3-A5F2-717DE95585C9}.Debug|Any CPU.Build.0 = Debug|Any CPU
		{AAEB8EAB-05DD-4DD3-A5F2-717DE95585C9}.Release|Any CPU.ActiveCfg = Release|Any CPU
		{AAEB8EAB-05DD-4DD3-A5F2-717DE95585C9}.Release|Any CPU.Build.0 = Release|Any CPU
	EndGlobalSection
	GlobalSection(SolutionProperties) = preSolution
		HideSolutionNode = FALSE
	EndGlobalSection
	GlobalSection(ExtensibilityGlobals) = postSolution
		SolutionGuid = {F6077B6A-D298-4183-99D2-723EE56D8717}
	EndGlobalSection
EndGlobal
